{
  "version": 4,
  "terraform_version": "1.12.0",
  "serial": 87,
  "lineage": "748bee97-8e38-156b-3426-081e6a52aa4b",
  "outputs": {
    "app_url": {
      "value": "http://100.27.33.188:3000",
      "type": "string"
    },
    "instance_public_ip": {
      "value": "100.27.33.188",
      "type": "string"
    }
  },
  "resources": [
    {
      "mode": "data",
      "type": "aws_ami",
      "name": "ubuntu",
      "provider": "provider[\"registry.terraform.io/hashicorp/aws\"]",
      "instances": [
        {
          "schema_version": 0,
          "attributes": {
            "architecture": "x86_64",
            "arn": "arn:aws:ec2:us-east-1::image/ami-03deb8c961063af8c",
            "block_device_mappings": [
              {
                "device_name": "/dev/sda1",
                "ebs": {
                  "delete_on_termination": "true",
                  "encrypted": "false",
                  "iops": "0",
                  "snapshot_id": "snap-0857ccdc177548e96",
                  "throughput": "0",
                  "volume_initialization_rate": "0",
                  "volume_size": "8",
                  "volume_type": "gp2"
                },
                "no_device": "",
                "virtual_name": ""
              },
              {
                "device_name": "/dev/sdb",
                "ebs": {},
                "no_device": "",
                "virtual_name": "ephemeral0"
              },
              {
                "device_name": "/dev/sdc",
                "ebs": {},
                "no_device": "",
                "virtual_name": "ephemeral1"
              }
            ],
            "boot_mode": "uefi-preferred",
            "creation_date": "2025-11-22T06:49:32.000Z",
            "deprecation_time": "2027-11-22T06:49:32.000Z",
            "description": "Canonical, Ubuntu, 22.04, amd64 jammy image",
            "ena_support": true,
            "executable_users": null,
            "filter": [
              {
                "name": "name",
                "values": [
                  "ubuntu/images/hvm-ssd/ubuntu-jammy-22.04-amd64-server-*"
                ]
              }
            ],
            "hypervisor": "xen",
            "id": "ami-03deb8c961063af8c",
            "image_id": "ami-03deb8c961063af8c",
            "image_location": "amazon/ubuntu/images/hvm-ssd/ubuntu-jammy-22.04-amd64-server-20251122",
            "image_owner_alias": "amazon",
            "image_type": "machine",
            "imds_support": "",
            "include_deprecated": false,
            "kernel_id": "",
            "last_launched_time": "",
            "most_recent": true,
            "name": "ubuntu/images/hvm-ssd/ubuntu-jammy-22.04-amd64-server-20251122",
            "name_regex": null,
            "owner_id": "099720109477",
            "owners": [
              "099720109477"
            ],
            "platform": "",
            "platform_details": "Linux/UNIX",
            "product_codes": [],
            "public": true,
            "ramdisk_id": "",
            "root_device_name": "/dev/sda1",
            "root_device_type": "ebs",
            "root_snapshot_id": "snap-0857ccdc177548e96",
            "sriov_net_support": "simple",
            "state": "available",
            "state_reason": {
              "code": "UNSET",
              "message": "UNSET"
            },
            "tags": {},
            "timeouts": null,
            "tpm_support": "",
            "uefi_data": null,
            "usage_operation": "RunInstances",
            "virtualization_type": "hvm"
          },
          "sensitive_attributes": [],
          "identity_schema_version": 0
        }
      ]
    },
    {
      "mode": "data",
      "type": "aws_subnets",
      "name": "default",
      "provider": "provider[\"registry.terraform.io/hashicorp/aws\"]",
      "instances": [
        {
          "schema_version": 0,
          "attributes": {
            "filter": [
              {
                "name": "vpc-id",
                "values": [
                  "vpc-0eb16a94cabaeb0db"
                ]
              }
            ],
            "id": "us-east-1",
            "ids": [
              "subnet-019d6c399e0ece82e",
              "subnet-040f990600d9240c9",
              "subnet-0ffe59c982c101ab4",
              "subnet-05cbd820eaf2b20c7",
              "subnet-01e6a21ccf001f8e2",
              "subnet-05e024d08f976688e"
            ],
            "tags": null,
            "timeouts": null
          },
          "sensitive_attributes": [],
          "identity_schema_version": 0
        }
      ]
    },
    {
      "mode": "data",
      "type": "aws_vpc",
      "name": "default",
      "provider": "provider[\"registry.terraform.io/hashicorp/aws\"]",
      "instances": [
        {
          "schema_version": 0,
          "attributes": {
            "arn": "arn:aws:ec2:us-east-1:029448392222:vpc/vpc-0eb16a94cabaeb0db",
            "cidr_block": "172.31.0.0/16",
            "cidr_block_associations": [
              {
                "association_id": "vpc-cidr-assoc-05d1613086b46f97d",
                "cidr_block": "172.31.0.0/16",
                "state": "associated"
              }
            ],
            "default": true,
            "dhcp_options_id": "dopt-0e764ae2e0f94421a",
            "enable_dns_hostnames": true,
            "enable_dns_support": true,
            "enable_network_address_usage_metrics": false,
            "filter": null,
            "id": "vpc-0eb16a94cabaeb0db",
            "instance_tenancy": "default",
            "ipv6_association_id": "",
            "ipv6_cidr_block": "",
            "main_route_table_id": "rtb-0f7b0dae9a0571d86",
            "owner_id": "029448392222",
            "state": null,
            "tags": {},
            "timeouts": null
          },
          "sensitive_attributes": [],
          "identity_schema_version": 0
        }
      ]
    },
    {
      "mode": "data",
      "type": "template_file",
      "name": "user_data",
      "provider": "provider[\"registry.terraform.io/hashicorp/template\"]",
      "instances": [
        {
          "schema_version": 0,
          "attributes": {
            "filename": null,
            "id": "7886f74a01d52e3297e8305c8848d20c90a2ab37c772edaae6fb253395de5047",
            "rendered": "#!/bin/bash\r\nset -xe\r\n\r\n# Update system\r\nsudo apt-get update -y\r\n\r\n# Install tools\r\nsudo apt-get install -y curl git unzip\r\n\r\n# Install Node.js 18\r\ncurl -fsSL https://deb.nodesource.com/setup_18.x | sudo -E bash -\r\nsudo apt-get install -y nodejs\r\n\r\n# Clone GitHub repo\r\ncd /opt\r\nsudo git clone \"https://github.com/altaf-khan-jk/task-tracker-ci-cd.git\" app || (cd app \u0026\u0026 sudo git pull)\r\ncd app\r\n\r\n# Install dependencies\r\nsudo npm install\r\n\r\n# Start app\r\nsudo nohup npm start \u003e /opt/app.log 2\u003e\u00261 \u0026\r\n\r\n# Install CloudWatch agent\r\nwget https://s3.amazonaws.com/amazoncloudwatch-agent/ubuntu/amd64/latest/amazon-cloudwatch-agent.deb\r\nsudo dpkg -i amazon-cloudwatch-agent.deb\r\n\r\n# Create CloudWatch config\r\nsudo tee /opt/aws/amazon-cloudwatch-agent.json \u003e /dev/null \u003c\u003cEOF\r\n{\r\n  \"logs\": {\r\n    \"logs_collected\": {\r\n      \"files\": {\r\n        \"collect_list\": [\r\n          {\r\n            \"file_path\": \"/opt/app.log\",\r\n            \"log_group_name\": \"/task-tracker-ci-cd/app\",\r\n            \"log_stream_name\": \"{instance_id}\"\r\n          }\r\n        ]\r\n      }\r\n    }\r\n  }\r\n}\r\nEOF\r\n\r\n# Start CloudWatch agent\r\nsudo /opt/aws/amazon-cloudwatch-agent/bin/amazon-cloudwatch-agent-ctl \\\r\n  -a fetch-config -m ec2 -c file:/opt/aws/amazon-cloudwatch-agent.json -s\r\n",
            "template": "#!/bin/bash\r\nset -xe\r\n\r\n# Update system\r\nsudo apt-get update -y\r\n\r\n# Install tools\r\nsudo apt-get install -y curl git unzip\r\n\r\n# Install Node.js 18\r\ncurl -fsSL https://deb.nodesource.com/setup_18.x | sudo -E bash -\r\nsudo apt-get install -y nodejs\r\n\r\n# Clone GitHub repo\r\ncd /opt\r\nsudo git clone \"${GITHUB_REPO_URL}\" app || (cd app \u0026\u0026 sudo git pull)\r\ncd app\r\n\r\n# Install dependencies\r\nsudo npm install\r\n\r\n# Start app\r\nsudo nohup npm start \u003e /opt/app.log 2\u003e\u00261 \u0026\r\n\r\n# Install CloudWatch agent\r\nwget https://s3.amazonaws.com/amazoncloudwatch-agent/ubuntu/amd64/latest/amazon-cloudwatch-agent.deb\r\nsudo dpkg -i amazon-cloudwatch-agent.deb\r\n\r\n# Create CloudWatch config\r\nsudo tee /opt/aws/amazon-cloudwatch-agent.json \u003e /dev/null \u003c\u003cEOF\r\n{\r\n  \"logs\": {\r\n    \"logs_collected\": {\r\n      \"files\": {\r\n        \"collect_list\": [\r\n          {\r\n            \"file_path\": \"/opt/app.log\",\r\n            \"log_group_name\": \"/task-tracker-ci-cd/app\",\r\n            \"log_stream_name\": \"{instance_id}\"\r\n          }\r\n        ]\r\n      }\r\n    }\r\n  }\r\n}\r\nEOF\r\n\r\n# Start CloudWatch agent\r\nsudo /opt/aws/amazon-cloudwatch-agent/bin/amazon-cloudwatch-agent-ctl \\\r\n  -a fetch-config -m ec2 -c file:/opt/aws/amazon-cloudwatch-agent.json -s\r\n",
            "vars": {
              "GITHUB_REPO_URL": "https://github.com/altaf-khan-jk/task-tracker-ci-cd.git"
            }
          },
          "sensitive_attributes": [],
          "identity_schema_version": 0
        }
      ]
    },
    {
      "mode": "managed",
      "type": "aws_instance",
      "name": "web",
      "provider": "provider[\"registry.terraform.io/hashicorp/aws\"]",
      "instances": [
        {
          "schema_version": 1,
          "attributes": {
            "ami": "ami-03deb8c961063af8c",
            "arn": "arn:aws:ec2:us-east-1:029448392222:instance/i-094156d82877076b5",
            "associate_public_ip_address": true,
            "availability_zone": "us-east-1c",
            "capacity_reservation_specification": [
              {
                "capacity_reservation_preference": "open",
                "capacity_reservation_target": []
              }
            ],
            "cpu_core_count": 1,
            "cpu_options": [
              {
                "amd_sev_snp": "",
                "core_count": 1,
                "threads_per_core": 2
              }
            ],
            "cpu_threads_per_core": 2,
            "credit_specification": [
              {
                "cpu_credits": "unlimited"
              }
            ],
            "disable_api_stop": false,
            "disable_api_termination": false,
            "ebs_block_device": [],
            "ebs_optimized": false,
            "enable_primary_ipv6": null,
            "enclave_options": [
              {
                "enabled": false
              }
            ],
            "ephemeral_block_device": [],
            "get_password_data": false,
            "hibernation": false,
            "host_id": "",
            "host_resource_group_arn": null,
            "iam_instance_profile": "",
            "id": "i-094156d82877076b5",
            "instance_initiated_shutdown_behavior": "stop",
            "instance_lifecycle": "",
            "instance_market_options": [],
            "instance_state": "running",
            "instance_type": "t3.micro",
            "ipv6_address_count": 0,
            "ipv6_addresses": [],
            "key_name": "task-tracker-ci-cd",
            "launch_template": [],
            "maintenance_options": [
              {
                "auto_recovery": "default"
              }
            ],
            "metadata_options": [
              {
                "http_endpoint": "enabled",
                "http_protocol_ipv6": "disabled",
                "http_put_response_hop_limit": 1,
                "http_tokens": "optional",
                "instance_metadata_tags": "disabled"
              }
            ],
            "monitoring": false,
            "network_interface": [],
            "outpost_arn": "",
            "password_data": "",
            "placement_group": "",
            "placement_partition_number": 0,
            "primary_network_interface_id": "eni-059dc6ab2b38772d0",
            "private_dns": "ip-172-31-5-200.ec2.internal",
            "private_dns_name_options": [
              {
                "enable_resource_name_dns_a_record": false,
                "enable_resource_name_dns_aaaa_record": false,
                "hostname_type": "ip-name"
              }
            ],
            "private_ip": "172.31.5.200",
            "public_dns": "ec2-100-27-33-188.compute-1.amazonaws.com",
            "public_ip": "100.27.33.188",
            "root_block_device": [
              {
                "delete_on_termination": true,
                "device_name": "/dev/sda1",
                "encrypted": false,
                "iops": 100,
                "kms_key_id": "",
                "tags": {},
                "tags_all": {},
                "throughput": 0,
                "volume_id": "vol-03ad1d811e2482091",
                "volume_size": 8,
                "volume_type": "gp2"
              }
            ],
            "secondary_private_ips": [],
            "security_groups": [
              "task-tracker-ci-cd-sg"
            ],
            "source_dest_check": true,
            "spot_instance_request_id": "",
            "subnet_id": "subnet-019d6c399e0ece82e",
            "tags": {
              "Name": "task-tracker-ci-cd-server",
              "Version": "2025-12-09T09:49:30Z"
            },
            "tags_all": {
              "Name": "task-tracker-ci-cd-server",
              "Version": "2025-12-09T09:49:30Z"
            },
            "tenancy": "default",
            "timeouts": null,
            "user_data": "877beb8b4a6f930bb908b2af17e78b1f45d1a975",
            "user_data_base64": null,
            "user_data_replace_on_change": true,
            "volume_tags": null,
            "vpc_security_group_ids": [
              "sg-0d335ed04e60c2eef"
            ]
          },
          "sensitive_attributes": [],
          "identity_schema_version": 0,
          "private": "eyJlMmJmYjczMC1lY2FhLTExZTYtOGY4OC0zNDM2M2JjN2M0YzAiOnsiY3JlYXRlIjo2MDAwMDAwMDAwMDAsImRlbGV0ZSI6MTIwMDAwMDAwMDAwMCwicmVhZCI6OTAwMDAwMDAwMDAwLCJ1cGRhdGUiOjYwMDAwMDAwMDAwMH0sInNjaGVtYV92ZXJzaW9uIjoiMSJ9",
          "dependencies": [
            "aws_security_group.web_sg",
            "data.aws_ami.ubuntu",
            "data.aws_subnets.default",
            "data.aws_vpc.default",
            "data.template_file.user_data"
          ],
          "create_before_destroy": true
        }
      ]
    },
    {
      "mode": "managed",
      "type": "aws_security_group",
      "name": "web_sg",
      "provider": "provider[\"registry.terraform.io/hashicorp/aws\"]",
      "instances": [
        {
          "schema_version": 1,
          "attributes": {
            "arn": "arn:aws:ec2:us-east-1:029448392222:security-group/sg-0d335ed04e60c2eef",
            "description": "Managed by Terraform",
            "egress": [
              {
                "cidr_blocks": [
                  "0.0.0.0/0"
                ],
                "description": "",
                "from_port": 0,
                "ipv6_cidr_blocks": [],
                "prefix_list_ids": [],
                "protocol": "-1",
                "security_groups": [],
                "self": false,
                "to_port": 0
              }
            ],
            "id": "sg-0d335ed04e60c2eef",
            "ingress": [
              {
                "cidr_blocks": [
                  "0.0.0.0/0"
                ],
                "description": "",
                "from_port": 22,
                "ipv6_cidr_blocks": [],
                "prefix_list_ids": [],
                "protocol": "tcp",
                "security_groups": [],
                "self": false,
                "to_port": 22
              },
              {
                "cidr_blocks": [
                  "0.0.0.0/0"
                ],
                "description": "",
                "from_port": 3000,
                "ipv6_cidr_blocks": [],
                "prefix_list_ids": [],
                "protocol": "tcp",
                "security_groups": [],
                "self": false,
                "to_port": 3000
              }
            ],
            "name": "task-tracker-ci-cd-sg",
            "name_prefix": "",
            "owner_id": "029448392222",
            "revoke_rules_on_delete": false,
            "tags": null,
            "tags_all": {},
            "timeouts": null,
            "vpc_id": "vpc-0eb16a94cabaeb0db"
          },
          "sensitive_attributes": [],
          "identity_schema_version": 0,
          "private": "eyJlMmJmYjczMC1lY2FhLTExZTYtOGY4OC0zNDM2M2JjN2M0YzAiOnsiY3JlYXRlIjo2MDAwMDAwMDAwMDAsImRlbGV0ZSI6OTAwMDAwMDAwMDAwfSwic2NoZW1hX3ZlcnNpb24iOiIxIn0=",
          "create_before_destroy": true
        }
      ]
    }
  ],
  "check_results": null
}
